// !$*UTF8*$!
{
	archiveVersion = 1;
	classes = {
	};
	objectVersion = 77;
	objects = {

/* Begin PBXContainerItemProxy section */
		3F71A70E2CCB51E100A705C2 /* PBXContainerItemProxy */ = {
			isa = PBXContainerItemProxy;
			containerPortal = 3F71A6F52CCB51DF00A705C2 /* Project object */;
			proxyType = 1;
			remoteGlobalIDString = 3F71A6FC2CCB51DF00A705C2;
			remoteInfo = "W06-Profile";
		};
		3F71A7182CCB51E100A705C2 /* PBXContainerItemProxy */ = {
			isa = PBXContainerItemProxy;
			containerPortal = 3F71A6F52CCB51DF00A705C2 /* Project object */;
			proxyType = 1;
			remoteGlobalIDString = 3F71A6FC2CCB51DF00A705C2;
			remoteInfo = "W06-Profile";
		};
/* End PBXContainerItemProxy section */

/* Begin PBXFileReference section */
		3F71A6FD2CCB51DF00A705C2 /* W06-Profile.app */ = {isa = PBXFileReference; explicitFileType = wrapper.application; includeInIndex = 0; path = "W06-Profile.app"; sourceTree = BUILT_PRODUCTS_DIR; };
		3F71A70D2CCB51E100A705C2 /* W06-ProfileTests.xctest */ = {isa = PBXFileReference; explicitFileType = wrapper.cfbundle; includeInIndex = 0; path = "W06-ProfileTests.xctest"; sourceTree = BUILT_PRODUCTS_DIR; };
		3F71A7172CCB51E100A705C2 /* W06-ProfileUITests.xctest */ = {isa = PBXFileReference; explicitFileType = wrapper.cfbundle; includeInIndex = 0; path = "W06-ProfileUITests.xctest"; sourceTree = BUILT_PRODUCTS_DIR; };
/* End PBXFileReference section */

/* Begin PBXFileSystemSynchronizedRootGroup section */
		3F71A6FF2CCB51DF00A705C2 /* W06-Profile */ = {
			isa = PBXFileSystemSynchronizedRootGroup;
			path = "W06-Profile";
			sourceTree = "<group>";
		};
		3F71A7102CCB51E100A705C2 /* W06-ProfileTests */ = {
			isa = PBXFileSystemSynchronizedRootGroup;
			path = "W06-ProfileTests";
			sourceTree = "<group>";
		};
		3F71A71A2CCB51E100A705C2 /* W06-ProfileUITests */ = {
			isa = PBXFileSystemSynchronizedRootGroup;
			path = "W06-ProfileUITests";
			sourceTree = "<group>";
		};
/* End PBXFileSystemSynchronizedRootGroup section */

/* Begin PBXFrameworksBuildPhase section */
		3F71A6FA2CCB51DF00A705C2 /* Frameworks */ = {
			isa = PBXFrameworksBuildPhase;
			buildActionMask = 2147483647;
			files = (
			);
			runOnlyForDeploymentPostprocessing = 0;
		};
		3F71A70A2CCB51E100A705C2 /* Frameworks */ = {
			isa = PBXFrameworksBuildPhase;
			buildActionMask = 2147483647;
			files = (
			);
			runOnlyForDeploymentPostprocessing = 0;
		};
		3F71A7142CCB51E100A705C2 /* Frameworks */ = {
			isa = PBXFrameworksBuildPhase;
			buildActionMask = 2147483647;
			files = (
			);
			runOnlyForDeploymentPostprocessing = 0;
		};
/* End PBXFrameworksBuildPhase section */

/* Begin PBXGroup section */
		3F71A6F42CCB51DF00A705C2 = {
			isa = PBXGroup;
			children = (
				3F71A6FF2CCB51DF00A705C2 /* W06-Profile */,
				3F71A7102CCB51E100A705C2 /* W06-ProfileTests */,
				3F71A71A2CCB51E100A705C2 /* W06-ProfileUITests */,
				3F71A6FE2CCB51DF00A705C2 /* Products */,
			);
			sourceTree = "<group>";
		};
		3F71A6FE2CCB51DF00A705C2 /* Products */ = {
			isa = PBXGroup;
			children = (
				3F71A6FD2CCB51DF00A705C2 /* W06-Profile.app */,
				3F71A70D2CCB51E100A705C2 /* W06-ProfileTests.xctest */,
				3F71A7172CCB51E100A705C2 /* W06-ProfileUITests.xctest */,
			);
			name = Products;
			sourceTree = "<group>";
		};
/* End PBXGroup section */

/* Begin PBXNativeTarget section */
		3F71A6FC2CCB51DF00A705C2 /* W06-Profile */ = {
			isa = PBXNativeTarget;
			buildConfigurationList = 3F71A7212CCB51E100A705C2 /* Build configuration list for PBXNativeTarget "W06-Profile" */;
			buildPhases = (
				3F71A6F92CCB51DF00A705C2 /* Sources */,
				3F71A6FA2CCB51DF00A705C2 /* Frameworks */,
				3F71A6FB2CCB51DF00A705C2 /* Resources */,
			);
			buildRules = (
			);
			dependencies = (
			);
			fileSystemSynchronizedGroups = (
				3F71A6FF2CCB51DF00A705C2 /* W06-Profile */,
			);
			name = "W06-Profile";
			packageProductDependencies = (
			);
			productName = "W06-Profile";
			productReference = 3F71A6FD2CCB51DF00A705C2 /* W06-Profile.app */;
			productType = "com.apple.product-type.application";
		};
		3F71A70C2CCB51E100A705C2 /* W06-ProfileTests */ = {
			isa = PBXNativeTarget;
			buildConfigurationList = 3F71A7242CCB51E100A705C2 /* Build configuration list for PBXNativeTarget "W06-ProfileTests" */;
			buildPhases = (
				3F71A7092CCB51E100A705C2 /* Sources */,
				3F71A70A2CCB51E100A705C2 /* Frameworks */,
				3F71A70B2CCB51E100A705C2 /* Resources */,
			);
			buildRules = (
			);
			dependencies = (
				3F71A70F2CCB51E100A705C2 /* PBXTargetDependency */,
			);
			fileSystemSynchronizedGroups = (
				3F71A7102CCB51E100A705C2 /* W06-ProfileTests */,
			);
			name = "W06-ProfileTests";
			packageProductDependencies = (
			);
			productName = "W06-ProfileTests";
			productReference = 3F71A70D2CCB51E100A705C2 /* W06-ProfileTests.xctest */;
			productType = "com.apple.product-type.bundle.unit-test";
		};
		3F71A7162CCB51E100A705C2 /* W06-ProfileUITests */ = {
			isa = PBXNativeTarget;
			buildConfigurationList = 3F71A7272CCB51E100A705C2 /* Build configuration list for PBXNativeTarget "W06-ProfileUITests" */;
			buildPhases = (
				3F71A7132CCB51E100A705C2 /* Sources */,
				3F71A7142CCB51E100A705C2 /* Frameworks */,
				3F71A7152CCB51E100A705C2 /* Resources */,
			);
			buildRules = (
			);
			dependencies = (
				3F71A7192CCB51E100A705C2 /* PBXTargetDependency */,
			);
			fileSystemSynchronizedGroups = (
				3F71A71A2CCB51E100A705C2 /* W06-ProfileUITests */,
			);
			name = "W06-ProfileUITests";
			packageProductDependencies = (
			);
			productName = "W06-ProfileUITests";
			productReference = 3F71A7172CCB51E100A705C2 /* W06-ProfileUITests.xctest */;
			productType = "com.apple.product-type.bundle.ui-testing";
		};
/* End PBXNativeTarget section */

/* Begin PBXProject section */
		3F71A6F52CCB51DF00A705C2 /* Project object */ = {
			isa = PBXProject;
			attributes = {
				BuildIndependentTargetsInParallel = 1;
				LastSwiftUpdateCheck = 1600;
				LastUpgradeCheck = 1600;
				TargetAttributes = {
					3F71A6FC2CCB51DF00A705C2 = {
						CreatedOnToolsVersion = 16.0;
					};
					3F71A70C2CCB51E100A705C2 = {
						CreatedOnToolsVersion = 16.0;
						TestTargetID = 3F71A6FC2CCB51DF00A705C2;
					};
					3F71A7162CCB51E100A705C2 = {
						CreatedOnToolsVersion = 16.0;
						TestTargetID = 3F71A6FC2CCB51DF00A705C2;
					};
				};
			};
			buildConfigurationList = 3F71A6F82CCB51DF00A705C2 /* Build configuration list for PBXProject "W06-Profile" */;
			developmentRegion = en;
			hasScannedForEncodings = 0;
			knownRegions = (
				en,
				Base,
			);
			mainGroup = 3F71A6F42CCB51DF00A705C2;
			minimizedProjectReferenceProxies = 1;
			preferredProjectObjectVersion = 77;
			productRefGroup = 3F71A6FE2CCB51DF00A705C2 /* Products */;
			projectDirPath = "";
			projectRoot = "";
			targets = (
				3F71A6FC2CCB51DF00A705C2 /* W06-Profile */,
				3F71A70C2CCB51E100A705C2 /* W06-ProfileTests */,
				3F71A7162CCB51E100A705C2 /* W06-ProfileUITests */,
			);
		};
/* End PBXProject section */

/* Begin PBXResourcesBuildPhase section */
		3F71A6FB2CCB51DF00A705C2 /* Resources */ = {
			isa = PBXResourcesBuildPhase;
			buildActionMask = 2147483647;
			files = (
			);
			runOnlyForDeploymentPostprocessing = 0;
		};
		3F71A70B2CCB51E100A705C2 /* Resources */ = {
			isa = PBXResourcesBuildPhase;
			buildActionMask = 2147483647;
			files = (
			);
			runOnlyForDeploymentPostprocessing = 0;
		};
		3F71A7152CCB51E100A705C2 /* Resources */ = {
			isa = PBXResourcesBuildPhase;
			buildActionMask = 2147483647;
			files = (
			);
			runOnlyForDeploymentPostprocessing = 0;
		};
/* End PBXResourcesBuildPhase section */

/* Begin PBXSourcesBuildPhase section */
		3F71A6F92CCB51DF00A705C2 /* Sources */ = {
			isa = PBXSourcesBuildPhase;
			buildActionMask = 2147483647;
			files = (
			);
			runOnlyForDeploymentPostprocessing = 0;
		};
		3F71A7092CCB51E100A705C2 /* Sources */ = {
			isa = PBXSourcesBuildPhase;
			buildActionMask = 2147483647;
			files = (
			);
			runOnlyForDeploymentPostprocessing = 0;
		};
		3F71A7132CCB51E100A705C2 /* Sources */ = {
			isa = PBXSourcesBuildPhase;
			buildActionMask = 2147483647;
			files = (
			);
			runOnlyForDeploymentPostprocessing = 0;
		};
/* End PBXSourcesBuildPhase section */

/* Begin PBXTargetDependency section */
		3F71A70F2CCB51E100A705C2 /* PBXTargetDependency */ = {
			isa = PBXTargetDependency;
			target = 3F71A6FC2CCB51DF00A705C2 /* W06-Profile */;
			targetProxy = 3F71A70E2CCB51E100A705C2 /* PBXContainerItemProxy */;
		};
		3F71A7192CCB51E100A705C2 /* PBXTargetDependency */ = {
			isa = PBXTargetDependency;
			target = 3F71A6FC2CCB51DF00A705C2 /* W06-Profile */;
			targetProxy = 3F71A7182CCB51E100A705C2 /* PBXContainerItemProxy */;
		};
/* End PBXTargetDependency section */

/* Begin XCBuildConfiguration section */
		3F71A71F2CCB51E100A705C2 /* Debug */ = {
			isa = XCBuildConfiguration;
			buildSettings = {
				ALWAYS_SEARCH_USER_PATHS = NO;
				ASSETCATALOG_COMPILER_GENERATE_SWIFT_ASSET_SYMBOL_EXTENSIONS = YES;
				CLANG_ANALYZER_NONNULL = YES;
				CLANG_ANALYZER_NUMBER_OBJECT_CONVERSION = YES_AGGRESSIVE;
				CLANG_CXX_LANGUAGE_STANDARD = "gnu++20";
				CLANG_ENABLE_MODULES = YES;
				CLANG_ENABLE_OBJC_ARC = YES;
				CLANG_ENABLE_OBJC_WEAK = YES;
				CLANG_WARN_BLOCK_CAPTURE_AUTORELEASING = YES;
				CLANG_WARN_BOOL_CONVERSION = YES;
				CLANG_WARN_COMMA = YES;
				CLANG_WARN_CONSTANT_CONVERSION = YES;
				CLANG_WARN_DEPRECATED_OBJC_IMPLEMENTATIONS = YES;
				CLANG_WARN_DIRECT_OBJC_ISA_USAGE = YES_ERROR;
				CLANG_WARN_DOCUMENTATION_COMMENTS = YES;
				CLANG_WARN_EMPTY_BODY = YES;
				CLANG_WARN_ENUM_CONVERSION = YES;
				CLANG_WARN_INFINITE_RECURSION = YES;
				CLANG_WARN_INT_CONVERSION = YES;
				CLANG_WARN_NON_LITERAL_NULL_CONVERSION = YES;
				CLANG_WARN_OBJC_IMPLICIT_RETAIN_SELF = YES;
				CLANG_WARN_OBJC_LITERAL_CONVERSION = YES;
				CLANG_WARN_OBJC_ROOT_CLASS = YES_ERROR;
				CLANG_WARN_QUOTED_INCLUDE_IN_FRAMEWORK_HEADER = YES;
				CLANG_WARN_RANGE_LOOP_ANALYSIS = YES;
				CLANG_WARN_STRICT_PROTOTYPES = YES;
				CLANG_WARN_SUSPICIOUS_MOVE = YES;
				CLANG_WARN_UNGUARDED_AVAILABILITY = YES_AGGRESSIVE;
				CLANG_WARN_UNREACHABLE_CODE = YES;
				CLANG_WARN__DUPLICATE_METHOD_MATCH = YES;
				COPY_PHASE_STRIP = NO;
				DEBUG_INFORMATION_FORMAT = dwarf;
				ENABLE_STRICT_OBJC_MSGSEND = YES;
				ENABLE_TESTABILITY = YES;
				ENABLE_USER_SCRIPT_SANDBOXING = YES;
				GCC_C_LANGUAGE_STANDARD = gnu17;
				GCC_DYNAMIC_NO_PIC = NO;
				GCC_NO_COMMON_BLOCKS = YES;
				GCC_OPTIMIZATION_LEVEL = 0;
				GCC_PREPROCESSOR_DEFINITIONS = (
					"DEBUG=1",
					"$(inherited)",
				);
				GCC_WARN_64_TO_32_BIT_CONVERSION = YES;
				GCC_WARN_ABOUT_RETURN_TYPE = YES_ERROR;
				GCC_WARN_UNDECLARED_SELECTOR = YES;
				GCC_WARN_UNINITIALIZED_AUTOS = YES_AGGRESSIVE;
				GCC_WARN_UNUSED_FUNCTION = YES;
				GCC_WARN_UNUSED_VARIABLE = YES;
				IPHONEOS_DEPLOYMENT_TARGET = 18.0;
				LOCALIZATION_PREFERS_STRING_CATALOGS = YES;
				MTL_ENABLE_DEBUG_INFO = INCLUDE_SOURCE;
				MTL_FAST_MATH = YES;
				ONLY_ACTIVE_ARCH = YES;
				SDKROOT = iphoneos;
				SWIFT_ACTIVE_COMPILATION_CONDITIONS = "DEBUG $(inherited)";
				SWIFT_OPTIMIZATION_LEVEL = "-Onone";
			};
			name = Debug;
		};
		3F71A7202CCB51E100A705C2 /* Release */ = {
			isa = XCBuildConfiguration;
			buildSettings = {
				ALWAYS_SEARCH_USER_PATHS = NO;
				ASSETCATALOG_COMPILER_GENERATE_SWIFT_ASSET_SYMBOL_EXTENSIONS = YES;
				CLANG_ANALYZER_NONNULL = YES;
				CLANG_ANALYZER_NUMBER_OBJECT_CONVERSION = YES_AGGRESSIVE;
				CLANG_CXX_LANGUAGE_STANDARD = "gnu++20";
				CLANG_ENABLE_MODULES = YES;
				CLANG_ENABLE_OBJC_ARC = YES;
				CLANG_ENABLE_OBJC_WEAK = YES;
				CLANG_WARN_BLOCK_CAPTURE_AUTORELEASING = YES;
				CLANG_WARN_BOOL_CONVERSION = YES;
				CLANG_WARN_COMMA = YES;
				CLANG_WARN_CONSTANT_CONVERSION = YES;
				CLANG_WARN_DEPRECATED_OBJC_IMPLEMENTATIONS = YES;
				CLANG_WARN_DIRECT_OBJC_ISA_USAGE = YES_ERROR;
				CLANG_WARN_DOCUMENTATION_COMMENTS = YES;
				CLANG_WARN_EMPTY_BODY = YES;
				CLANG_WARN_ENUM_CONVERSION = YES;
				CLANG_WARN_INFINITE_RECURSION = YES;
				CLANG_WARN_INT_CONVERSION = YES;
				CLANG_WARN_NON_LITERAL_NULL_CONVERSION = YES;
				CLANG_WARN_OBJC_IMPLICIT_RETAIN_SELF = YES;
				CLANG_WARN_OBJC_LITERAL_CONVERSION = YES;
				CLANG_WARN_OBJC_ROOT_CLASS = YES_ERROR;
				CLANG_WARN_QUOTED_INCLUDE_IN_FRAMEWORK_HEADER = YES;
				CLANG_WARN_RANGE_LOOP_ANALYSIS = YES;
				CLANG_WARN_STRICT_PROTOTYPES = YES;
				CLANG_WARN_SUSPICIOUS_MOVE = YES;
				CLANG_WARN_UNGUARDED_AVAILABILITY = YES_AGGRESSIVE;
				CLANG_WARN_UNREACHABLE_CODE = YES;
				CLANG_WARN__DUPLICATE_METHOD_MATCH = YES;
				COPY_PHASE_STRIP = NO;
				DEBUG_INFORMATION_FORMAT = "dwarf-with-dsym";
				ENABLE_NS_ASSERTIONS = NO;
				ENABLE_STRICT_OBJC_MSGSEND = YES;
				ENABLE_USER_SCRIPT_SANDBOXING = YES;
				GCC_C_LANGUAGE_STANDARD = gnu17;
				GCC_NO_COMMON_BLOCKS = YES;
				GCC_WARN_64_TO_32_BIT_CONVERSION = YES;
				GCC_WARN_ABOUT_RETURN_TYPE = YES_ERROR;
				GCC_WARN_UNDECLARED_SELECTOR = YES;
				GCC_WARN_UNINITIALIZED_AUTOS = YES_AGGRESSIVE;
				GCC_WARN_UNUSED_FUNCTION = YES;
				GCC_WARN_UNUSED_VARIABLE = YES;
				IPHONEOS_DEPLOYMENT_TARGET = 18.0;
				LOCALIZATION_PREFERS_STRING_CATALOGS = YES;
				MTL_ENABLE_DEBUG_INFO = NO;
				MTL_FAST_MATH = YES;
				SDKROOT = iphoneos;
				SWIFT_COMPILATION_MODE = wholemodule;
				VALIDATE_PRODUCT = YES;
			};
			name = Release;
		};
		3F71A7222CCB51E100A705C2 /* Debug */ = {
			isa = XCBuildConfiguration;
			buildSettings = {
				ASSETCATALOG_COMPILER_APPICON_NAME = AppIcon;
				ASSETCATALOG_COMPILER_GLOBAL_ACCENT_COLOR_NAME = AccentColor;
				CODE_SIGN_STYLE = Automatic;
				CURRENT_PROJECT_VERSION = 1;
				DEVELOPMENT_ASSET_PATHS = "\"W06-Profile/Preview Content\"";
				ENABLE_PREVIEWS = YES;
				GENERATE_INFOPLIST_FILE = YES;
				INFOPLIST_KEY_UIApplicationSceneManifest_Generation = YES;
				INFOPLIST_KEY_UIApplicationSupportsIndirectInputEvents = YES;
				INFOPLIST_KEY_UILaunchScreen_Generation = YES;
				INFOPLIST_KEY_UISupportedInterfaceOrientations_iPad = "UIInterfaceOrientationPortrait UIInterfaceOrientationPortraitUpsideDown UIInterfaceOrientationLandscapeLeft UIInterfaceOrientationLandscapeRight";
				INFOPLIST_KEY_UISupportedInterfaceOrientations_iPhone = "UIInterfaceOrientationPortrait UIInterfaceOrientationLandscapeLeft UIInterfaceOrientationLandscapeRight";
				LD_RUNPATH_SEARCH_PATHS = (
					"$(inherited)",
					"@executable_path/Frameworks",
				);
				MARKETING_VERSION = 1.0;
				PRODUCT_BUNDLE_IDENTIFIER = "uc-isb.W06-Profile";
				PRODUCT_NAME = "$(TARGET_NAME)";
				SWIFT_EMIT_LOC_STRINGS = YES;
				SWIFT_VERSION = 5.0;
				TARGETED_DEVICE_FAMILY = "1,2";
			};
			name = Debug;
		};
		3F71A7232CCB51E100A705C2 /* Release */ = {
			isa = XCBuildConfiguration;
			buildSettings = {
				ASSETCATALOG_COMPILER_APPICON_NAME = AppIcon;
				ASSETCATALOG_COMPILER_GLOBAL_ACCENT_COLOR_NAME = AccentColor;
				CODE_SIGN_STYLE = Automatic;
				CURRENT_PROJECT_VERSION = 1;
				DEVELOPMENT_ASSET_PATHS = "\"W06-Profile/Preview Content\"";
				ENABLE_PREVIEWS = YES;
				GENERATE_INFOPLIST_FILE = YES;
				INFOPLIST_KEY_UIApplicationSceneManifest_Generation = YES;
				INFOPLIST_KEY_UIApplicationSupportsIndirectInputEvents = YES;
				INFOPLIST_KEY_UILaunchScreen_Generation = YES;
				INFOPLIST_KEY_UISupportedInterfaceOrientations_iPad = "UIInterfaceOrientationPortrait UIInterfaceOrientationPortraitUpsideDown UIInterfaceOrientationLandscapeLeft UIInterfaceOrientationLandscapeRight";
				INFOPLIST_KEY_UISupportedInterfaceOrientations_iPhone = "UIInterfaceOrientationPortrait UIInterfaceOrientationLandscapeLeft UIInterfaceOrientationLandscapeRight";
				LD_RUNPATH_SEARCH_PATHS = (
					"$(inherited)",
					"@executable_path/Frameworks",
				);
				MARKETING_VERSION = 1.0;
				PRODUCT_BUNDLE_IDENTIFIER = "uc-isb.W06-Profile";
				PRODUCT_NAME = "$(TARGET_NAME)";
				SWIFT_EMIT_LOC_STRINGS = YES;
				SWIFT_VERSION = 5.0;
				TARGETED_DEVICE_FAMILY = "1,2";
			};
			name = Release;
		};
		3F71A7252CCB51E100A705C2 /* Debug */ = {
			isa = XCBuildConfiguration;
			buildSettings = {
				BUNDLE_LOADER = "$(TEST_HOST)";
				CODE_SIGN_STYLE = Automatic;
				CURRENT_PROJECT_VERSION = 1;
				GENERATE_INFOPLIST_FILE = YES;
				IPHONEOS_DEPLOYMENT_TARGET = 18.0;
				MARKETING_VERSION = 1.0;
				PRODUCT_BUNDLE_IDENTIFIER = "uc-isb.W06-ProfileTests";
				PRODUCT_NAME = "$(TARGET_NAME)";
				SWIFT_EMIT_LOC_STRINGS = NO;
				SWIFT_VERSION = 5.0;
				TARGETED_DEVICE_FAMILY = "1,2";
				TEST_HOST = "$(BUILT_PRODUCTS_DIR)/W06-Profile.app/$(BUNDLE_EXECUTABLE_FOLDER_PATH)/W06-Profile";
			};
			name = Debug;
		};
		3F71A7262CCB51E100A705C2 /* Release */ = {
			isa = XCBuildConfiguration;
			buildSettings = {
				BUNDLE_LOADER = "$(TEST_HOST)";
				CODE_SIGN_STYLE = Automatic;
				CURRENT_PROJECT_VERSION = 1;
				GENERATE_INFOPLIST_FILE = YES;
				IPHONEOS_DEPLOYMENT_TARGET = 18.0;
				MARKETING_VERSION = 1.0;
				PRODUCT_BUNDLE_IDENTIFIER = "uc-isb.W06-ProfileTests";
				PRODUCT_NAME = "$(TARGET_NAME)";
				SWIFT_EMIT_LOC_STRINGS = NO;
				SWIFT_VERSION = 5.0;
				TARGETED_DEVICE_FAMILY = "1,2";
				TEST_HOST = "$(BUILT_PRODUCTS_DIR)/W06-Profile.app/$(BUNDLE_EXECUTABLE_FOLDER_PATH)/W06-Profile";
			};
			name = Release;
		};
		3F71A7282CCB51E100A705C2 /* Debug */ = {
			isa = XCBuildConfiguration;
			buildSettings = {
				CODE_SIGN_STYLE = Automatic;
				CURRENT_PROJECT_VERSION = 1;
				GENERATE_INFOPLIST_FILE = YES;
				MARKETING_VERSION = 1.0;
				PRODUCT_BUNDLE_IDENTIFIER = "uc-isb.W06-ProfileUITests";
				PRODUCT_NAME = "$(TARGET_NAME)";
				SWIFT_EMIT_LOC_STRINGS = NO;
				SWIFT_VERSION = 5.0;
				TARGETED_DEVICE_FAMILY = "1,2";
				TEST_TARGET_NAME = "W06-Profile";
			};
			name = Debug;
		};
		3F71A7292CCB51E100A705C2 /* Release */ = {
			isa = XCBuildConfiguration;
			buildSettings = {
				CODE_SIGN_STYLE = Automatic;
				CURRENT_PROJECT_VERSION = 1;
				GENERATE_INFOPLIST_FILE = YES;
				MARKETING_VERSION = 1.0;
				PRODUCT_BUNDLE_IDENTIFIER = "uc-isb.W06-ProfileUITests";
				PRODUCT_NAME = "$(TARGET_NAME)";
				SWIFT_EMIT_LOC_STRINGS = NO;
				SWIFT_VERSION = 5.0;
				TARGETED_DEVICE_FAMILY = "1,2";
				TEST_TARGET_NAME = "W06-Profile";
			};
			name = Release;
		};
/* End XCBuildConfiguration section */

/* Begin XCConfigurationList section */
		3F71A6F82CCB51DF00A705C2 /* Build configuration list for PBXProject "W06-Profile" */ = {
			isa = XCConfigurationList;
			buildConfigurations = (
				3F71A71F2CCB51E100A705C2 /* Debug */,
				3F71A7202CCB51E100A705C2 /* Release */,
			);
			defaultConfigurationIsVisible = 0;
			defaultConfigurationName = Release;
		};
		3F71A7212CCB51E100A705C2 /* Build configuration list for PBXNativeTarget "W06-Profile" */ = {
			isa = XCConfigurationList;
			buildConfigurations = (
				3F71A7222CCB51E100A705C2 /* Debug */,
				3F71A7232CCB51E100A705C2 /* Release */,
			);
			defaultConfigurationIsVisible = 0;
			defaultConfigurationName = Release;
		};
		3F71A7242CCB51E100A705C2 /* Build configuration list for PBXNativeTarget "W06-ProfileTests" */ = {
			isa = XCConfigurationList;
			buildConfigurations = (
				3F71A7252CCB51E100A705C2 /* Debug */,
				3F71A7262CCB51E100A705C2 /* Release */,
			);
			defaultConfigurationIsVisible = 0;
			defaultConfigurationName = Release;
		};
		3F71A7272CCB51E100A705C2 /* Build configuration list for PBXNativeTarget "W06-ProfileUITests" */ = {
			isa = XCConfigurationList;
			buildConfigurations = (
				3F71A7282CCB51E100A705C2 /* Debug */,
				3F71A7292CCB51E100A705C2 /* Release */,
			);
			defaultConfigurationIsVisible = 0;
			defaultConfigurationName = Release;
		};
/* End XCConfigurationList section */
	};
	rootObject = 3F71A6F52CCB51DF00A705C2 /* Project object */;
}
